
Microsoft Visual Studio Solution File, Format Version 12.00
# Visual Studio Version 17
VisualStudioVersion = 17.4.33122.133
MinimumVisualStudioVersion = 10.0.40219.1
Project("{9A19103F-16F7-4668-BE54-9A1E7A4F7556}") = "basa", "basa\basa.csproj", "{CCAB1177-2A6E-49EC-A49F-06C0D01178FB}"
EndProject
Project("{9A19103F-16F7-4668-BE54-9A1E7A4F7556}") = "Lab 1.1", "Lab 1.1\Lab 1.1.csproj", "{3D31C7C5-7736-460B-87A3-990DFA814FDD}"
EndProject
Project("{9A19103F-16F7-4668-BE54-9A1E7A4F7556}") = "MyClassLibrary", "MyClassLibrary\MyClassLibrary.csproj", "{3BFD4ADC-0386-4800-A35F-D7C68BF75D7F}"
EndProject
Project("{9A19103F-16F7-4668-BE54-9A1E7A4F7556}") = "Lab 1.2", "Lab 1.2\Lab 1.2.csproj", "{EF21974E-75EF-4D72-A254-99B21BDFEE41}"
EndProject
Project("{9A19103F-16F7-4668-BE54-9A1E7A4F7556}") = "Lab 1.3", "Lab 1.3\Lab 1.3.csproj", "{AFA4EB90-9D8E-44C1-8401-2E789DD85516}"
EndProject
Project("{9A19103F-16F7-4668-BE54-9A1E7A4F7556}") = "Lab 3", "Lab 3\Lab 3.csproj", "{A35E911A-BCCA-464C-A0C1-0280F8D376A4}"
EndProject
Project("{9A19103F-16F7-4668-BE54-9A1E7A4F7556}") = "Lab 5", "Lab 5\Lab 5.csproj", "{1889A2C8-0371-4F4D-8848-3BC6BD72AD05}"
EndProject
Project("{9A19103F-16F7-4668-BE54-9A1E7A4F7556}") = "Lab 6", "Lab 6\Lab 6.csproj", "{51768B86-ED4C-46B4-A532-E71E4E32D67E}"
EndProject
Project("{9A19103F-16F7-4668-BE54-9A1E7A4F7556}") = "Lab 9", "Lab 9\Lab 9.csproj", "{4BC1F698-488B-4A4C-9397-05A85509BB96}"
EndProject
Project("{9A19103F-16F7-4668-BE54-9A1E7A4F7556}") = "Lab9_Test", "Lab9_Test\Lab9_Test.csproj", "{9F48231B-1429-4EE3-84B6-EE5F9EF8322F}"
EndProject
Project("{9A19103F-16F7-4668-BE54-9A1E7A4F7556}") = "Lab 10", "Lab 10\Lab 10.csproj", "{7051CE66-8959-4D64-BCC8-83AF0CAEBC2F}"
EndProject
Project("{9A19103F-16F7-4668-BE54-9A1E7A4F7556}") = "Test_10_lab", "Test_10_lab\Test_10_lab.csproj", "{FCD4CF0B-670F-4C38-AF74-108EA1B827E7}"
EndProject
Project("{9A19103F-16F7-4668-BE54-9A1E7A4F7556}") = "Lab 11", "Lab 11\Lab 11.csproj", "{2225155C-8F12-4FC0-B726-3F3C21B06AC2}"
EndProject
Project("{FAE04EC0-301F-11D3-BF4B-00C04F79EFBC}") = "LabClassLibrary", "LabClassLibrary\LabClassLibrary.csproj", "{50578EDF-C513-44D2-BBE0-F3E48F45AA73}"
EndProject
Project("{FAE04EC0-301F-11D3-BF4B-00C04F79EFBC}") = "Lab 12", "Lab 12\Lab 12.csproj", "{A438F742-AAC0-4184-8FB3-C05AEBCFC7A5}"
EndProject
Global
	GlobalSection(SolutionConfigurationPlatforms) = preSolution
		Debug|Any CPU = Debug|Any CPU
		Release|Any CPU = Release|Any CPU
	EndGlobalSection
	GlobalSection(ProjectConfigurationPlatforms) = postSolution
		{CCAB1177-2A6E-49EC-A49F-06C0D01178FB}.Debug|Any CPU.ActiveCfg = Debug|Any CPU
		{CCAB1177-2A6E-49EC-A49F-06C0D01178FB}.Debug|Any CPU.Build.0 = Debug|Any CPU
		{CCAB1177-2A6E-49EC-A49F-06C0D01178FB}.Release|Any CPU.ActiveCfg = Release|Any CPU
		{CCAB1177-2A6E-49EC-A49F-06C0D01178FB}.Release|Any CPU.Build.0 = Release|Any CPU
		{3D31C7C5-7736-460B-87A3-990DFA814FDD}.Debug|Any CPU.ActiveCfg = Debug|Any CPU
		{3D31C7C5-7736-460B-87A3-990DFA814FDD}.Debug|Any CPU.Build.0 = Debug|Any CPU
		{3D31C7C5-7736-460B-87A3-990DFA814FDD}.Release|Any CPU.ActiveCfg = Release|Any CPU
		{3D31C7C5-7736-460B-87A3-990DFA814FDD}.Release|Any CPU.Build.0 = Release|Any CPU
		{3BFD4ADC-0386-4800-A35F-D7C68BF75D7F}.Debug|Any CPU.ActiveCfg = Debug|Any CPU
		{3BFD4ADC-0386-4800-A35F-D7C68BF75D7F}.Debug|Any CPU.Build.0 = Debug|Any CPU
		{3BFD4ADC-0386-4800-A35F-D7C68BF75D7F}.Release|Any CPU.ActiveCfg = Release|Any CPU
		{3BFD4ADC-0386-4800-A35F-D7C68BF75D7F}.Release|Any CPU.Build.0 = Release|Any CPU
		{EF21974E-75EF-4D72-A254-99B21BDFEE41}.Debug|Any CPU.ActiveCfg = Debug|Any CPU
		{EF21974E-75EF-4D72-A254-99B21BDFEE41}.Debug|Any CPU.Build.0 = Debug|Any CPU
		{EF21974E-75EF-4D72-A254-99B21BDFEE41}.Release|Any CPU.ActiveCfg = Release|Any CPU
		{EF21974E-75EF-4D72-A254-99B21BDFEE41}.Release|Any CPU.Build.0 = Release|Any CPU
		{AFA4EB90-9D8E-44C1-8401-2E789DD85516}.Debug|Any CPU.ActiveCfg = Debug|Any CPU
		{AFA4EB90-9D8E-44C1-8401-2E789DD85516}.Debug|Any CPU.Build.0 = Debug|Any CPU
		{AFA4EB90-9D8E-44C1-8401-2E789DD85516}.Release|Any CPU.ActiveCfg = Release|Any CPU
		{AFA4EB90-9D8E-44C1-8401-2E789DD85516}.Release|Any CPU.Build.0 = Release|Any CPU
		{A35E911A-BCCA-464C-A0C1-0280F8D376A4}.Debug|Any CPU.ActiveCfg = Debug|Any CPU
		{A35E911A-BCCA-464C-A0C1-0280F8D376A4}.Debug|Any CPU.Build.0 = Debug|Any CPU
		{A35E911A-BCCA-464C-A0C1-0280F8D376A4}.Release|Any CPU.ActiveCfg = Release|Any CPU
		{A35E911A-BCCA-464C-A0C1-0280F8D376A4}.Release|Any CPU.Build.0 = Release|Any CPU
		{1889A2C8-0371-4F4D-8848-3BC6BD72AD05}.Debug|Any CPU.ActiveCfg = Debug|Any CPU
		{1889A2C8-0371-4F4D-8848-3BC6BD72AD05}.Debug|Any CPU.Build.0 = Debug|Any CPU
		{1889A2C8-0371-4F4D-8848-3BC6BD72AD05}.Release|Any CPU.ActiveCfg = Release|Any CPU
		{1889A2C8-0371-4F4D-8848-3BC6BD72AD05}.Release|Any CPU.Build.0 = Release|Any CPU
		{51768B86-ED4C-46B4-A532-E71E4E32D67E}.Debug|Any CPU.ActiveCfg = Debug|Any CPU
		{51768B86-ED4C-46B4-A532-E71E4E32D67E}.Debug|Any CPU.Build.0 = Debug|Any CPU
		{51768B86-ED4C-46B4-A532-E71E4E32D67E}.Release|Any CPU.ActiveCfg = Release|Any CPU
		{51768B86-ED4C-46B4-A532-E71E4E32D67E}.Release|Any CPU.Build.0 = Release|Any CPU
		{4BC1F698-488B-4A4C-9397-05A85509BB96}.Debug|Any CPU.ActiveCfg = Debug|Any CPU
		{4BC1F698-488B-4A4C-9397-05A85509BB96}.Debug|Any CPU.Build.0 = Debug|Any CPU
		{4BC1F698-488B-4A4C-9397-05A85509BB96}.Release|Any CPU.ActiveCfg = Release|Any CPU
		{4BC1F698-488B-4A4C-9397-05A85509BB96}.Release|Any CPU.Build.0 = Release|Any CPU
		{9F48231B-1429-4EE3-84B6-EE5F9EF8322F}.Debug|Any CPU.ActiveCfg = Debug|Any CPU
		{9F48231B-1429-4EE3-84B6-EE5F9EF8322F}.Debug|Any CPU.Build.0 = Debug|Any CPU
		{9F48231B-1429-4EE3-84B6-EE5F9EF8322F}.Release|Any CPU.ActiveCfg = Release|Any CPU
		{9F48231B-1429-4EE3-84B6-EE5F9EF8322F}.Release|Any CPU.Build.0 = Release|Any CPU
		{7051CE66-8959-4D64-BCC8-83AF0CAEBC2F}.Debug|Any CPU.ActiveCfg = Debug|Any CPU
		{7051CE66-8959-4D64-BCC8-83AF0CAEBC2F}.Debug|Any CPU.Build.0 = Debug|Any CPU
		{7051CE66-8959-4D64-BCC8-83AF0CAEBC2F}.Release|Any CPU.ActiveCfg = Release|Any CPU
		{7051CE66-8959-4D64-BCC8-83AF0CAEBC2F}.Release|Any CPU.Build.0 = Release|Any CPU
		{FCD4CF0B-670F-4C38-AF74-108EA1B827E7}.Debug|Any CPU.ActiveCfg = Debug|Any CPU
		{FCD4CF0B-670F-4C38-AF74-108EA1B827E7}.Debug|Any CPU.Build.0 = Debug|Any CPU
		{FCD4CF0B-670F-4C38-AF74-108EA1B827E7}.Release|Any CPU.ActiveCfg = Release|Any CPU
		{FCD4CF0B-670F-4C38-AF74-108EA1B827E7}.Release|Any CPU.Build.0 = Release|Any CPU
		{2225155C-8F12-4FC0-B726-3F3C21B06AC2}.Debug|Any CPU.ActiveCfg = Debug|Any CPU
		{2225155C-8F12-4FC0-B726-3F3C21B06AC2}.Debug|Any CPU.Build.0 = Debug|Any CPU
		{2225155C-8F12-4FC0-B726-3F3C21B06AC2}.Release|Any CPU.ActiveCfg = Release|Any CPU
		{2225155C-8F12-4FC0-B726-3F3C21B06AC2}.Release|Any CPU.Build.0 = Release|Any CPU
		{50578EDF-C513-44D2-BBE0-F3E48F45AA73}.Debug|Any CPU.ActiveCfg = Debug|Any CPU
		{50578EDF-C513-44D2-BBE0-F3E48F45AA73}.Debug|Any CPU.Build.0 = Debug|Any CPU
		{50578EDF-C513-44D2-BBE0-F3E48F45AA73}.Release|Any CPU.ActiveCfg = Release|Any CPU
		{50578EDF-C513-44D2-BBE0-F3E48F45AA73}.Release|Any CPU.Build.0 = Release|Any CPU
		{A438F742-AAC0-4184-8FB3-C05AEBCFC7A5}.Debug|Any CPU.ActiveCfg = Debug|Any CPU
		{A438F742-AAC0-4184-8FB3-C05AEBCFC7A5}.Debug|Any CPU.Build.0 = Debug|Any CPU
		{A438F742-AAC0-4184-8FB3-C05AEBCFC7A5}.Release|Any CPU.ActiveCfg = Release|Any CPU
		{A438F742-AAC0-4184-8FB3-C05AEBCFC7A5}.Release|Any CPU.Build.0 = Release|Any CPU
	EndGlobalSection
	GlobalSection(SolutionProperties) = preSolution
		HideSolutionNode = FALSE
	EndGlobalSection
	GlobalSection(ExtensibilityGlobals) = postSolution
		SolutionGuid = {8D63CE96-9D11-4BD7-979A-EADC053757E7}
	EndGlobalSection
EndGlobal
